dependencies:
- name: redis
  repository: https://charts.bitnami.com/bitnami
  version: 20.1.3
- name: minio
  repository: https://charts.bitnami.com/bitnami
  version: 14.7.8
- name: mysql
  repository: https://charts.bitnami.com/bitnami
  version: 11.1.16
digest: sha256:c9150c78d68a1fe55f7f0ba70b03e6e949cdccb6b71dd0ea8fa835537fdab32f
generated: "2024-09-17T03:30:37.546585+08:00"
