dependencies:
- name: redis
  repository: https://charts.bitnami.com/bitnami
  version: 20.1.3
- name: minio
  repository: https://charts.bitnami.com/bitnami
  version: 14.7.8
- name: mysql
  repository: https://charts.bitnami.com/bitnami
  version: 11.1.16
- name: common
  repository: https://charts.bitnami.com/bitnami
  version: 2.23.0
digest: sha256:4e84624bf97a56d365ab60c079ac19b0edd4a1299e98fa76390fb1e767557194
generated: "2024-09-17T20:45:36.213184+08:00"
