dependencies:
- name: redis
  repository: https://charts.bitnami.com/bitnami
  version: 20.1.3
- name: minio
  repository: https://charts.bitnami.com/bitnami
  version: 14.7.8
- name: mysql
  repository: https://charts.bitnami.com/bitnami
  version: 11.1.16
- name: nginx-ingress-controller
  repository: https://charts.bitnami.com/bitnami
  version: 11.4.1
digest: sha256:3005974d69259acb9d9bf3b0a02e441839a75a3b2e7ef959aa821b8dccce4b41
generated: "2024-09-15T23:21:07.628195+08:00"
